
Microsoft Visual Studio Solution File, Format Version 12.00
# Visual Studio Version 16
VisualStudioVersion = 16.0.28803.352
MinimumVisualStudioVersion = 10.0.40219.1
Project("{9A19103F-16F7-4668-BE54-9A1E7A4F7556}") = "ChangeMouseColor", "ChangeMouseColor\ChangeMouseColor.csproj", "{CB2DBF3F-9506-4EB0-84F2-B9C8C4220250}"
EndProject
Global
	GlobalSection(SolutionConfigurationPlatforms) = preSolution
		Debug|x64 = Debug|x64
		Release|x64 = Release|x64
	EndGlobalSection
	GlobalSection(ProjectConfigurationPlatforms) = postSolution
		{CB2DBF3F-9506-4EB0-84F2-B9C8C4220250}.Debug|x64.ActiveCfg = Debug|x64
		{CB2DBF3F-9506-4EB0-84F2-B9C8C4220250}.Debug|x64.Build.0 = Debug|x64
		{CB2DBF3F-9506-4EB0-84F2-B9C8C4220250}.Release|x64.ActiveCfg = Release|x64
		{CB2DBF3F-9506-4EB0-84F2-B9C8C4220250}.Release|x64.Build.0 = Release|x64
	EndGlobalSection
	GlobalSection(SolutionProperties) = preSolution
		HideSolutionNode = FALSE
	EndGlobalSection
	GlobalSection(ExtensibilityGlobals) = postSolution
		SolutionGuid = {CF86E69A-2555-47FA-B070-865FCC2B0820}
	EndGlobalSection
EndGlobal
